
Microsoft Visual Studio Solution File, Format Version 12.00
# Visual Studio 15
VisualStudioVersion = 15.0.27004.2009
MinimumVisualStudioVersion = 10.0.40219.1
Project("{FAE04EC0-301F-11D3-BF4B-00C04F79EFBC}") = "DragonAdventure", "DragonAdventure\DragonAdventure.csproj", "{CA2B4BD0-5BEF-4FD9-A331-92975D63D61E}"
EndProject
Global
	GlobalSection(SolutionConfigurationPlatforms) = preSolution
		Debug|Any CPU = Debug|Any CPU
		Release|Any CPU = Release|Any CPU
	EndGlobalSection
	GlobalSection(ProjectConfigurationPlatforms) = postSolution
		{CA2B4BD0-5BEF-4FD9-A331-92975D63D61E}.Debug|Any CPU.ActiveCfg = Debug|Any CPU
		{CA2B4BD0-5BEF-4FD9-A331-92975D63D61E}.Debug|Any CPU.Build.0 = Debug|Any CPU
		{CA2B4BD0-5BEF-4FD9-A331-92975D63D61E}.Release|Any CPU.ActiveCfg = Release|Any CPU
		{CA2B4BD0-5BEF-4FD9-A331-92975D63D61E}.Release|Any CPU.Build.0 = Release|Any CPU
	EndGlobalSection
	GlobalSection(SolutionProperties) = preSolution
		HideSolutionNode = FALSE
	EndGlobalSection
	GlobalSection(ExtensibilityGlobals) = postSolution
		SolutionGuid = {6515BA20-3663-4747-99B7-35EA8AC0C2A8}
	EndGlobalSection
EndGlobal
